
Microsoft Visual Studio Solution File, Format Version 12.00
# Visual Studio 15
VisualStudioVersion = 15.0.26730.15
MinimumVisualStudioVersion = 10.0.40219.1
Project("{FAE04EC0-301F-11D3-BF4B-00C04F79EFBC}") = "Generic.LightDataTable", "source\Generic.LightDataTable.csproj", "{093CDFDB-9A54-47A5-B5CE-F7BA9165E957}"
EndProject
Project("{FAE04EC0-301F-11D3-BF4B-00C04F79EFBC}") = "Test.Modules", "..\Test.Modules\Test.Modules.csproj", "{76E613DE-ED2E-4D93-BAAB-E630641574A0}"
EndProject
Global
	GlobalSection(SolutionConfigurationPlatforms) = preSolution
		Debug|Any CPU = Debug|Any CPU
		Release|Any CPU = Release|Any CPU
	EndGlobalSection
	GlobalSection(ProjectConfigurationPlatforms) = postSolution
		{093CDFDB-9A54-47A5-B5CE-F7BA9165E957}.Debug|Any CPU.ActiveCfg = Debug|Any CPU
		{093CDFDB-9A54-47A5-B5CE-F7BA9165E957}.Debug|Any CPU.Build.0 = Debug|Any CPU
		{093CDFDB-9A54-47A5-B5CE-F7BA9165E957}.Release|Any CPU.ActiveCfg = Release|Any CPU
		{093CDFDB-9A54-47A5-B5CE-F7BA9165E957}.Release|Any CPU.Build.0 = Release|Any CPU
		{76E613DE-ED2E-4D93-BAAB-E630641574A0}.Debug|Any CPU.ActiveCfg = Debug|Any CPU
		{76E613DE-ED2E-4D93-BAAB-E630641574A0}.Debug|Any CPU.Build.0 = Debug|Any CPU
		{76E613DE-ED2E-4D93-BAAB-E630641574A0}.Release|Any CPU.ActiveCfg = Release|Any CPU
		{76E613DE-ED2E-4D93-BAAB-E630641574A0}.Release|Any CPU.Build.0 = Release|Any CPU
	EndGlobalSection
	GlobalSection(SolutionProperties) = preSolution
		HideSolutionNode = FALSE
	EndGlobalSection
	GlobalSection(ExtensibilityGlobals) = postSolution
		SolutionGuid = {6403E05C-E198-4AE0-A50E-B3AB478D4C47}
	EndGlobalSection
EndGlobal
